
Microsoft Visual Studio Solution File, Format Version 12.00
# Visual Studio Version 17
VisualStudioVersion = 17.4.33122.133
MinimumVisualStudioVersion = 10.0.40219.1
Project("{9A19103F-16F7-4668-BE54-9A1E7A4F7556}") = "CM.Community Back-end", "CM.Community Back-end\CM.Community Back-end.csproj", "{B084F193-E04A-4335-AA78-E2FB4A91BFF0}"
EndProject
Global
	GlobalSection(SolutionConfigurationPlatforms) = preSolution
		Debug|Any CPU = Debug|Any CPU
		Release|Any CPU = Release|Any CPU
	EndGlobalSection
	GlobalSection(ProjectConfigurationPlatforms) = postSolution
		{B084F193-E04A-4335-AA78-E2FB4A91BFF0}.Debug|Any CPU.ActiveCfg = Debug|Any CPU
		{B084F193-E04A-4335-AA78-E2FB4A91BFF0}.Debug|Any CPU.Build.0 = Debug|Any CPU
		{B084F193-E04A-4335-AA78-E2FB4A91BFF0}.Release|Any CPU.ActiveCfg = Release|Any CPU
		{B084F193-E04A-4335-AA78-E2FB4A91BFF0}.Release|Any CPU.Build.0 = Release|Any CPU
	EndGlobalSection
	GlobalSection(SolutionProperties) = preSolution
		HideSolutionNode = FALSE
	EndGlobalSection
	GlobalSection(ExtensibilityGlobals) = postSolution
		SolutionGuid = {60BB0611-6F3A-4FC6-8A47-E198188E2B98}
	EndGlobalSection
EndGlobal
